
Microsoft Visual Studio Solution File, Format Version 12.00
# Visual Studio Version 17
VisualStudioVersion = 17.14.36414.22
MinimumVisualStudioVersion = 10.0.40219.1
Project("{FAE04EC0-301F-11D3-BF4B-00C04F79EFBC}") = "Snet.Windows.Controls", "Snet.Windows.Controls\Snet.Windows.Controls.csproj", "{204288DB-61C8-BC74-29C5-DCBB6557F4AF}"
EndProject
Project("{FAE04EC0-301F-11D3-BF4B-00C04F79EFBC}") = "Snet.Windows.Test", "Snet.Windows.Test\Snet.Windows.Test.csproj", "{2CCFE4C9-CB40-4E6E-A253-DD2FDA31E839}"
EndProject
Project("{FAE04EC0-301F-11D3-BF4B-00C04F79EFBC}") = "Snet.Windows.Core", "Snet.Windows.Core\Snet.Windows.Core.csproj", "{0B2638C6-46CC-18DD-38D6-B961B7B0E64B}"
EndProject
Global
	GlobalSection(SolutionConfigurationPlatforms) = preSolution
		Debug|Any CPU = Debug|Any CPU
		Release|Any CPU = Release|Any CPU
	EndGlobalSection
	GlobalSection(ProjectConfigurationPlatforms) = postSolution
		{204288DB-61C8-BC74-29C5-DCBB6557F4AF}.Debug|Any CPU.ActiveCfg = Debug|Any CPU
		{204288DB-61C8-BC74-29C5-DCBB6557F4AF}.Debug|Any CPU.Build.0 = Debug|Any CPU
		{204288DB-61C8-BC74-29C5-DCBB6557F4AF}.Release|Any CPU.ActiveCfg = Release|Any CPU
		{204288DB-61C8-BC74-29C5-DCBB6557F4AF}.Release|Any CPU.Build.0 = Release|Any CPU
		{2CCFE4C9-CB40-4E6E-A253-DD2FDA31E839}.Debug|Any CPU.ActiveCfg = Debug|Any CPU
		{2CCFE4C9-CB40-4E6E-A253-DD2FDA31E839}.Debug|Any CPU.Build.0 = Debug|Any CPU
		{2CCFE4C9-CB40-4E6E-A253-DD2FDA31E839}.Release|Any CPU.ActiveCfg = Release|Any CPU
		{2CCFE4C9-CB40-4E6E-A253-DD2FDA31E839}.Release|Any CPU.Build.0 = Release|Any CPU
		{0B2638C6-46CC-18DD-38D6-B961B7B0E64B}.Debug|Any CPU.ActiveCfg = Debug|Any CPU
		{0B2638C6-46CC-18DD-38D6-B961B7B0E64B}.Debug|Any CPU.Build.0 = Debug|Any CPU
		{0B2638C6-46CC-18DD-38D6-B961B7B0E64B}.Release|Any CPU.ActiveCfg = Release|Any CPU
		{0B2638C6-46CC-18DD-38D6-B961B7B0E64B}.Release|Any CPU.Build.0 = Release|Any CPU
	EndGlobalSection
	GlobalSection(SolutionProperties) = preSolution
		HideSolutionNode = FALSE
	EndGlobalSection
	GlobalSection(ExtensibilityGlobals) = postSolution
		SolutionGuid = {25F6C159-7797-4368-B1B4-D6057F02F9AE}
	EndGlobalSection
EndGlobal
